
Microsoft Visual Studio Solution File, Format Version 12.00
# Visual Studio Version 16
VisualStudioVersion = 16.0.28803.156
MinimumVisualStudioVersion = 10.0.40219.1
Project("{FAE04EC0-301F-11D3-BF4B-00C04F79EFBC}") = "parseTest", "parseTest\parseTest.csproj", "{A6BD5928-DB51-4D2E-85E6-40092A96C520}"
EndProject
Global
	GlobalSection(SolutionConfigurationPlatforms) = preSolution
		Debug|Any CPU = Debug|Any CPU
		Release|Any CPU = Release|Any CPU
	EndGlobalSection
	GlobalSection(ProjectConfigurationPlatforms) = postSolution
		{A6BD5928-DB51-4D2E-85E6-40092A96C520}.Debug|Any CPU.ActiveCfg = Debug|Any CPU
		{A6BD5928-DB51-4D2E-85E6-40092A96C520}.Debug|Any CPU.Build.0 = Debug|Any CPU
		{A6BD5928-DB51-4D2E-85E6-40092A96C520}.Release|Any CPU.ActiveCfg = Release|Any CPU
		{A6BD5928-DB51-4D2E-85E6-40092A96C520}.Release|Any CPU.Build.0 = Release|Any CPU
	EndGlobalSection
	GlobalSection(SolutionProperties) = preSolution
		HideSolutionNode = FALSE
	EndGlobalSection
	GlobalSection(ExtensibilityGlobals) = postSolution
		SolutionGuid = {240D0EAE-C124-486B-AF0F-971D53A85069}
	EndGlobalSection
EndGlobal
